
Microsoft Visual Studio Solution File, Format Version 12.00
# Visual Studio Version 16
VisualStudioVersion = 16.0.30011.22
MinimumVisualStudioVersion = 10.0.40219.1
Project("{8BC9CEB8-8B4A-11D0-8D11-00A0C91BC942}") = "Lab2", "Lab2\Lab2.vcxproj", "{DEFB5741-E315-480C-B082-D01DAE838A20}"
EndProject
Global
	GlobalSection(SolutionConfigurationPlatforms) = preSolution
		Debug|x64 = Debug|x64
		Debug|x86 = Debug|x86
		Release|x64 = Release|x64
		Release|x86 = Release|x86
	EndGlobalSection
	GlobalSection(ProjectConfigurationPlatforms) = postSolution
		{DEFB5741-E315-480C-B082-D01DAE838A20}.Debug|x64.ActiveCfg = Debug|x64
		{DEFB5741-E315-480C-B082-D01DAE838A20}.Debug|x64.Build.0 = Debug|x64
		{DEFB5741-E315-480C-B082-D01DAE838A20}.Debug|x86.ActiveCfg = Debug|Win32
		{DEFB5741-E315-480C-B082-D01DAE838A20}.Debug|x86.Build.0 = Debug|Win32
		{DEFB5741-E315-480C-B082-D01DAE838A20}.Release|x64.ActiveCfg = Release|x64
		{DEFB5741-E315-480C-B082-D01DAE838A20}.Release|x64.Build.0 = Release|x64
		{DEFB5741-E315-480C-B082-D01DAE838A20}.Release|x86.ActiveCfg = Release|Win32
		{DEFB5741-E315-480C-B082-D01DAE838A20}.Release|x86.Build.0 = Release|Win32
	EndGlobalSection
	GlobalSection(SolutionProperties) = preSolution
		HideSolutionNode = FALSE
	EndGlobalSection
	GlobalSection(ExtensibilityGlobals) = postSolution
		SolutionGuid = {CBEF22EB-3CE9-4797-9903-88842674D008}
	EndGlobalSection
EndGlobal
